
Microsoft Visual Studio Solution File, Format Version 12.00
# Visual Studio Version 16
VisualStudioVersion = 16.0.31729.503
MinimumVisualStudioVersion = 10.0.40219.1
Project("{9A19103F-16F7-4668-BE54-9A1E7A4F7556}") = "GuiaEpisodiosSimpson", "GuiaEpisodiosSimpson\GuiaEpisodiosSimpson.csproj", "{8F21D827-0662-4670-9D57-24CBCFEE1CD7}"
EndProject
Global
	GlobalSection(SolutionConfigurationPlatforms) = preSolution
		Debug|Any CPU = Debug|Any CPU
		Release|Any CPU = Release|Any CPU
	EndGlobalSection
	GlobalSection(ProjectConfigurationPlatforms) = postSolution
		{8F21D827-0662-4670-9D57-24CBCFEE1CD7}.Debug|Any CPU.ActiveCfg = Debug|Any CPU
		{8F21D827-0662-4670-9D57-24CBCFEE1CD7}.Debug|Any CPU.Build.0 = Debug|Any CPU
		{8F21D827-0662-4670-9D57-24CBCFEE1CD7}.Release|Any CPU.ActiveCfg = Release|Any CPU
		{8F21D827-0662-4670-9D57-24CBCFEE1CD7}.Release|Any CPU.Build.0 = Release|Any CPU
	EndGlobalSection
	GlobalSection(SolutionProperties) = preSolution
		HideSolutionNode = FALSE
	EndGlobalSection
	GlobalSection(ExtensibilityGlobals) = postSolution
		SolutionGuid = {260B2D80-1F9D-408E-A419-219ACA29188C}
	EndGlobalSection
EndGlobal
